
Microsoft Visual Studio Solution File, Format Version 12.00
# Visual Studio Version 17
VisualStudioVersion = 17.4.33205.214
MinimumVisualStudioVersion = 10.0.40219.1
Project("{FAE04EC0-301F-11D3-BF4B-00C04F79EFBC}") = "24.01", "24.01\24.01.csproj", "{D73725D9-C39B-4891-A4D0-5DC9FF300582}"
EndProject
Project("{FAE04EC0-301F-11D3-BF4B-00C04F79EFBC}") = "Task2", "Task2\Task2.csproj", "{CC5552BF-4D12-4770-81DC-CC66474B88C9}"
EndProject
Global
	GlobalSection(SolutionConfigurationPlatforms) = preSolution
		Debug|Any CPU = Debug|Any CPU
		Release|Any CPU = Release|Any CPU
	EndGlobalSection
	GlobalSection(ProjectConfigurationPlatforms) = postSolution
		{D73725D9-C39B-4891-A4D0-5DC9FF300582}.Debug|Any CPU.ActiveCfg = Debug|Any CPU
		{D73725D9-C39B-4891-A4D0-5DC9FF300582}.Debug|Any CPU.Build.0 = Debug|Any CPU
		{D73725D9-C39B-4891-A4D0-5DC9FF300582}.Release|Any CPU.ActiveCfg = Release|Any CPU
		{D73725D9-C39B-4891-A4D0-5DC9FF300582}.Release|Any CPU.Build.0 = Release|Any CPU
		{CC5552BF-4D12-4770-81DC-CC66474B88C9}.Debug|Any CPU.ActiveCfg = Debug|Any CPU
		{CC5552BF-4D12-4770-81DC-CC66474B88C9}.Debug|Any CPU.Build.0 = Debug|Any CPU
		{CC5552BF-4D12-4770-81DC-CC66474B88C9}.Release|Any CPU.ActiveCfg = Release|Any CPU
		{CC5552BF-4D12-4770-81DC-CC66474B88C9}.Release|Any CPU.Build.0 = Release|Any CPU
	EndGlobalSection
	GlobalSection(SolutionProperties) = preSolution
		HideSolutionNode = FALSE
	EndGlobalSection
	GlobalSection(ExtensibilityGlobals) = postSolution
		SolutionGuid = {5071F32A-9F2A-43F1-9491-51122D955D47}
	EndGlobalSection
EndGlobal
